
Microsoft Visual Studio Solution File, Format Version 12.00
# Visual Studio Version 17
VisualStudioVersion = 17.0.31903.59
MinimumVisualStudioVersion = 10.0.40219.1
Project("{9A19103F-16F7-4668-BE54-9A1E7A4F7556}") = "CadastroClienteAPI", "CadastroClienteAPI\CadastroClienteAPI.csproj", "{1781999D-1E76-45CE-86CC-3EDBB1F7C682}"
EndProject
Project("{9A19103F-16F7-4668-BE54-9A1E7A4F7556}") = "CadastroClienteAPI.Tests", "CadastroClienteAPI.Tests\CadastroClienteAPI.Tests.csproj", "{993BE576-08D2-4815-A509-E1ECFBA78F89}"
EndProject
Global
	GlobalSection(SolutionConfigurationPlatforms) = preSolution
		Debug|Any CPU = Debug|Any CPU
		Release|Any CPU = Release|Any CPU
	EndGlobalSection
	GlobalSection(ProjectConfigurationPlatforms) = postSolution
		{1781999D-1E76-45CE-86CC-3EDBB1F7C682}.Debug|Any CPU.ActiveCfg = Debug|Any CPU
		{1781999D-1E76-45CE-86CC-3EDBB1F7C682}.Debug|Any CPU.Build.0 = Debug|Any CPU
		{1781999D-1E76-45CE-86CC-3EDBB1F7C682}.Release|Any CPU.ActiveCfg = Release|Any CPU
		{1781999D-1E76-45CE-86CC-3EDBB1F7C682}.Release|Any CPU.Build.0 = Release|Any CPU
		{993BE576-08D2-4815-A509-E1ECFBA78F89}.Debug|Any CPU.ActiveCfg = Debug|Any CPU
		{993BE576-08D2-4815-A509-E1ECFBA78F89}.Debug|Any CPU.Build.0 = Debug|Any CPU
		{993BE576-08D2-4815-A509-E1ECFBA78F89}.Release|Any CPU.ActiveCfg = Release|Any CPU
		{993BE576-08D2-4815-A509-E1ECFBA78F89}.Release|Any CPU.Build.0 = Release|Any CPU
	EndGlobalSection
	GlobalSection(SolutionProperties) = preSolution
		HideSolutionNode = FALSE
	EndGlobalSection
	GlobalSection(ExtensibilityGlobals) = postSolution
		SolutionGuid = {32163B95-042E-4DA7-A441-4CA09DD4E834}
	EndGlobalSection
EndGlobal
